// !$*UTF8*$!
{
	archiveVersion = 1;
	classes = {
	};
	objectVersion = 46;
	objects = {

/* Begin PBXBuildFile section */
		48FC163D1D5B8D8A002C8DA5 /* AppDelegate.swift in Sources */ = {isa = PBXBuildFile; fileRef = 48FC16241D5B8D8A002C8DA5 /* AppDelegate.swift */; };
		48FC163E1D5B8D8A002C8DA5 /* Assets.xcassets in Resources */ = {isa = PBXBuildFile; fileRef = 48FC16251D5B8D8A002C8DA5 /* Assets.xcassets */; };
		48FC163F1D5B8D8A002C8DA5 /* LaunchScreen.storyboard in Resources */ = {isa = PBXBuildFile; fileRef = 48FC16261D5B8D8A002C8DA5 /* LaunchScreen.storyboard */; };
		48FC16401D5B8D8A002C8DA5 /* Main.storyboard in Resources */ = {isa = PBXBuildFile; fileRef = 48FC16281D5B8D8A002C8DA5 /* Main.storyboard */; };
		48FC16411D5B8D8A002C8DA5 /* ZYThumbnailTableViewController.swift in Sources */ = {isa = PBXBuildFile; fileRef = 48FC162C1D5B8D8A002C8DA5 /* ZYThumbnailTableViewController.swift */; };
		48FC16421D5B8D8A002C8DA5 /* BlurUtil.m in Sources */ = {isa = PBXBuildFile; fileRef = 48FC162F1D5B8D8A002C8DA5 /* BlurUtil.m */; };
		48FC16431D5B8D8A002C8DA5 /* ZYKeyboardUtil.m in Sources */ = {isa = PBXBuildFile; fileRef = 48FC16321D5B8D8A002C8DA5 /* ZYKeyboardUtil.m */; };
		48FC16441D5B8D8A002C8DA5 /* BottomView.swift in Sources */ = {isa = PBXBuildFile; fileRef = 48FC16351D5B8D8A002C8DA5 /* BottomView.swift */; };
		48FC16451D5B8D8A002C8DA5 /* BottomView.xib in Resources */ = {isa = PBXBuildFile; fileRef = 48FC16361D5B8D8A002C8DA5 /* BottomView.xib */; };
		48FC16461D5B8D8A002C8DA5 /* DIYTableViewCell.swift in Sources */ = {isa = PBXBuildFile; fileRef = 48FC16371D5B8D8A002C8DA5 /* DIYTableViewCell.swift */; };
		48FC16471D5B8D8A002C8DA5 /* DIYTableViewCell.xib in Resources */ = {isa = PBXBuildFile; fileRef = 48FC16381D5B8D8A002C8DA5 /* DIYTableViewCell.xib */; };
		48FC16481D5B8D8A002C8DA5 /* TopView.swift in Sources */ = {isa = PBXBuildFile; fileRef = 48FC16391D5B8D8A002C8DA5 /* TopView.swift */; };
		48FC16491D5B8D8A002C8DA5 /* TopView.xib in Resources */ = {isa = PBXBuildFile; fileRef = 48FC163A1D5B8D8A002C8DA5 /* TopView.xib */; };
		48FC164A1D5B8D8A002C8DA5 /* Info.plist in Resources */ = {isa = PBXBuildFile; fileRef = 48FC163B1D5B8D8A002C8DA5 /* Info.plist */; };
		48FC164B1D5B8D8A002C8DA5 /* ViewController.swift in Sources */ = {isa = PBXBuildFile; fileRef = 48FC163C1D5B8D8A002C8DA5 /* ViewController.swift */; };
/* End PBXBuildFile section */

/* Begin PBXFileReference section */
		48FC16241D5B8D8A002C8DA5 /* AppDelegate.swift */ = {isa = PBXFileReference; fileEncoding = 4; lastKnownFileType = sourcecode.swift; path = AppDelegate.swift; sourceTree = "<group>"; };
		48FC16251D5B8D8A002C8DA5 /* Assets.xcassets */ = {isa = PBXFileReference; lastKnownFileType = folder.assetcatalog; path = Assets.xcassets; sourceTree = "<group>"; };
		48FC16271D5B8D8A002C8DA5 /* Base */ = {isa = PBXFileReference; lastKnownFileType = file.storyboard; name = Base; path = Base.lproj/LaunchScreen.storyboard; sourceTree = "<group>"; };
		48FC16291D5B8D8A002C8DA5 /* Base */ = {isa = PBXFileReference; lastKnownFileType = file.storyboard; name = Base; path = Base.lproj/Main.storyboard; sourceTree = "<group>"; };
		48FC162C1D5B8D8A002C8DA5 /* ZYThumbnailTableViewController.swift */ = {isa = PBXFileReference; fileEncoding = 4; lastKnownFileType = sourcecode.swift; path = ZYThumbnailTableViewController.swift; sourceTree = "<group>"; };
		48FC162E1D5B8D8A002C8DA5 /* BlurUtil.h */ = {isa = PBXFileReference; fileEncoding = 4; lastKnownFileType = sourcecode.c.h; path = BlurUtil.h; sourceTree = "<group>"; };
		48FC162F1D5B8D8A002C8DA5 /* BlurUtil.m */ = {isa = PBXFileReference; fileEncoding = 4; lastKnownFileType = sourcecode.c.objc; path = BlurUtil.m; sourceTree = "<group>"; };
		48FC16311D5B8D8A002C8DA5 /* ZYKeyboardUtil.h */ = {isa = PBXFileReference; fileEncoding = 4; lastKnownFileType = sourcecode.c.h; path = ZYKeyboardUtil.h; sourceTree = "<group>"; };
		48FC16321D5B8D8A002C8DA5 /* ZYKeyboardUtil.m */ = {isa = PBXFileReference; fileEncoding = 4; lastKnownFileType = sourcecode.c.objc; path = ZYKeyboardUtil.m; sourceTree = "<group>"; };
		48FC16331D5B8D8A002C8DA5 /* ZYThumbnailTableView-Bridging-Header.h */ = {isa = PBXFileReference; fileEncoding = 4; lastKnownFileType = sourcecode.c.h; path = "ZYThumbnailTableView-Bridging-Header.h"; sourceTree = "<group>"; };
		48FC16351D5B8D8A002C8DA5 /* BottomView.swift */ = {isa = PBXFileReference; fileEncoding = 4; lastKnownFileType = sourcecode.swift; path = BottomView.swift; sourceTree = "<group>"; };
		48FC16361D5B8D8A002C8DA5 /* BottomView.xib */ = {isa = PBXFileReference; fileEncoding = 4; lastKnownFileType = file.xib; path = BottomView.xib; sourceTree = "<group>"; };
		48FC16371D5B8D8A002C8DA5 /* DIYTableViewCell.swift */ = {isa = PBXFileReference; fileEncoding = 4; lastKnownFileType = sourcecode.swift; path = DIYTableViewCell.swift; sourceTree = "<group>"; };
		48FC16381D5B8D8A002C8DA5 /* DIYTableViewCell.xib */ = {isa = PBXFileReference; fileEncoding = 4; lastKnownFileType = file.xib; path = DIYTableViewCell.xib; sourceTree = "<group>"; };
		48FC16391D5B8D8A002C8DA5 /* TopView.swift */ = {isa = PBXFileReference; fileEncoding = 4; lastKnownFileType = sourcecode.swift; path = TopView.swift; sourceTree = "<group>"; };
		48FC163A1D5B8D8A002C8DA5 /* TopView.xib */ = {isa = PBXFileReference; fileEncoding = 4; lastKnownFileType = file.xib; path = TopView.xib; sourceTree = "<group>"; };
		48FC163B1D5B8D8A002C8DA5 /* Info.plist */ = {isa = PBXFileReference; fileEncoding = 4; lastKnownFileType = text.plist.xml; path = Info.plist; sourceTree = "<group>"; };
		48FC163C1D5B8D8A002C8DA5 /* ViewController.swift */ = {isa = PBXFileReference; fileEncoding = 4; lastKnownFileType = sourcecode.swift; path = ViewController.swift; sourceTree = "<group>"; };
		48FE17DE1C68CB8D008857BE /* ZYThumbnailTableView.app */ = {isa = PBXFileReference; explicitFileType = wrapper.application; includeInIndex = 0; path = ZYThumbnailTableView.app; sourceTree = BUILT_PRODUCTS_DIR; };
/* End PBXFileReference section */

/* Begin PBXFrameworksBuildPhase section */
		48FE17DB1C68CB8D008857BE /* Frameworks */ = {
			isa = PBXFrameworksBuildPhase;
			buildActionMask = 2147483647;
			files = (
			);
			runOnlyForDeploymentPostprocessing = 0;
		};
/* End PBXFrameworksBuildPhase section */

/* Begin PBXGroup section */
		48FC16231D5B8D8A002C8DA5 /* ZYThumbnailTableViewSource */ = {
			isa = PBXGroup;
			children = (
				48FC16241D5B8D8A002C8DA5 /* AppDelegate.swift */,
				48FC16251D5B8D8A002C8DA5 /* Assets.xcassets */,
				48FC16261D5B8D8A002C8DA5 /* LaunchScreen.storyboard */,
				48FC16281D5B8D8A002C8DA5 /* Main.storyboard */,
				48FC162A1D5B8D8A002C8DA5 /* Classes */,
				48FC16341D5B8D8A002C8DA5 /* DiyViews */,
				48FC163B1D5B8D8A002C8DA5 /* Info.plist */,
				48FC163C1D5B8D8A002C8DA5 /* ViewController.swift */,
			);
			path = ZYThumbnailTableViewSource;
			sourceTree = "<group>";
		};
		48FC162A1D5B8D8A002C8DA5 /* Classes */ = {
			isa = PBXGroup;
			children = (
				48FC162B1D5B8D8A002C8DA5 /* Swift */,
				48FC162D1D5B8D8A002C8DA5 /* Util */,
				48FC16301D5B8D8A002C8DA5 /* ZYKeyboardUtil */,
				48FC16331D5B8D8A002C8DA5 /* ZYThumbnailTableView-Bridging-Header.h */,
			);
			path = Classes;
			sourceTree = "<group>";
		};
		48FC162B1D5B8D8A002C8DA5 /* Swift */ = {
			isa = PBXGroup;
			children = (
				48FC162C1D5B8D8A002C8DA5 /* ZYThumbnailTableViewController.swift */,
			);
			path = Swift;
			sourceTree = "<group>";
		};
		48FC162D1D5B8D8A002C8DA5 /* Util */ = {
			isa = PBXGroup;
			children = (
				48FC162E1D5B8D8A002C8DA5 /* BlurUtil.h */,
				48FC162F1D5B8D8A002C8DA5 /* BlurUtil.m */,
			);
			path = Util;
			sourceTree = "<group>";
		};
		48FC16301D5B8D8A002C8DA5 /* ZYKeyboardUtil */ = {
			isa = PBXGroup;
			children = (
				48FC16311D5B8D8A002C8DA5 /* ZYKeyboardUtil.h */,
				48FC16321D5B8D8A002C8DA5 /* ZYKeyboardUtil.m */,
			);
			path = ZYKeyboardUtil;
			sourceTree = "<group>";
		};
		48FC16341D5B8D8A002C8DA5 /* DiyViews */ = {
			isa = PBXGroup;
			children = (
				48FC16351D5B8D8A002C8DA5 /* BottomView.swift */,
				48FC16361D5B8D8A002C8DA5 /* BottomView.xib */,
				48FC16371D5B8D8A002C8DA5 /* DIYTableViewCell.swift */,
				48FC16381D5B8D8A002C8DA5 /* DIYTableViewCell.xib */,
				48FC16391D5B8D8A002C8DA5 /* TopView.swift */,
				48FC163A1D5B8D8A002C8DA5 /* TopView.xib */,
			);
			path = DiyViews;
			sourceTree = "<group>";
		};
		48FE17D51C68CB8D008857BE = {
			isa = PBXGroup;
			children = (
				48FC16231D5B8D8A002C8DA5 /* ZYThumbnailTableViewSource */,
				48FE17DF1C68CB8D008857BE /* Products */,
			);
			sourceTree = "<group>";
		};
		48FE17DF1C68CB8D008857BE /* Products */ = {
			isa = PBXGroup;
			children = (
				48FE17DE1C68CB8D008857BE /* ZYThumbnailTableView.app */,
			);
			name = Products;
			sourceTree = "<group>";
		};
/* End PBXGroup section */

/* Begin PBXNativeTarget section */
		48FE17DD1C68CB8D008857BE /* ZYThumbnailTableView */ = {
			isa = PBXNativeTarget;
			buildConfigurationList = 48FE17F01C68CB8D008857BE /* Build configuration list for PBXNativeTarget "ZYThumbnailTableView" */;
			buildPhases = (
				48FE17DA1C68CB8D008857BE /* Sources */,
				48FE17DB1C68CB8D008857BE /* Frameworks */,
				48FE17DC1C68CB8D008857BE /* Resources */,
			);
			buildRules = (
			);
			dependencies = (
			);
			name = ZYThumbnailTableView;
			productName = ZYThumbnailTableView;
			productReference = 48FE17DE1C68CB8D008857BE /* ZYThumbnailTableView.app */;
			productType = "com.apple.product-type.application";
		};
/* End PBXNativeTarget section */

/* Begin PBXProject section */
		48FE17D61C68CB8D008857BE /* Project object */ = {
			isa = PBXProject;
			attributes = {
				LastSwiftUpdateCheck = 0720;
				LastUpgradeCheck = 0720;
				ORGANIZATIONNAME = lzy;
				TargetAttributes = {
					48FE17DD1C68CB8D008857BE = {
						CreatedOnToolsVersion = 7.2;
						DevelopmentTeam = 82KQAUTE69;
						LastSwiftMigration = 0800;
					};
				};
			};
			buildConfigurationList = 48FE17D91C68CB8D008857BE /* Build configuration list for PBXProject "ZYThumbnailTableView" */;
			compatibilityVersion = "Xcode 3.2";
			developmentRegion = English;
			hasScannedForEncodings = 0;
			knownRegions = (
				en,
				Base,
			);
			mainGroup = 48FE17D51C68CB8D008857BE;
			productRefGroup = 48FE17DF1C68CB8D008857BE /* Products */;
			projectDirPath = "";
			projectRoot = "";
			targets = (
				48FE17DD1C68CB8D008857BE /* ZYThumbnailTableView */,
			);
		};
/* End PBXProject section */

/* Begin PBXResourcesBuildPhase section */
		48FE17DC1C68CB8D008857BE /* Resources */ = {
			isa = PBXResourcesBuildPhase;
			buildActionMask = 2147483647;
			files = (
				48FC16491D5B8D8A002C8DA5 /* TopView.xib in Resources */,
				48FC16401D5B8D8A002C8DA5 /* Main.storyboard in Resources */,
				48FC163E1D5B8D8A002C8DA5 /* Assets.xcassets in Resources */,
				48FC16471D5B8D8A002C8DA5 /* DIYTableViewCell.xib in Resources */,
				48FC163F1D5B8D8A002C8DA5 /* LaunchScreen.storyboard in Resources */,
				48FC16451D5B8D8A002C8DA5 /* BottomView.xib in Resources */,
				48FC164A1D5B8D8A002C8DA5 /* Info.plist in Resources */,
			);
			runOnlyForDeploymentPostprocessing = 0;
		};
/* End PBXResourcesBuildPhase section */

/* Begin PBXSourcesBuildPhase section */
		48FE17DA1C68CB8D008857BE /* Sources */ = {
			isa = PBXSourcesBuildPhase;
			buildActionMask = 2147483647;
			files = (
				48FC16481D5B8D8A002C8DA5 /* TopView.swift in Sources */,
				48FC16461D5B8D8A002C8DA5 /* DIYTableViewCell.swift in Sources */,
				48FC163D1D5B8D8A002C8DA5 /* AppDelegate.swift in Sources */,
				48FC16431D5B8D8A002C8DA5 /* ZYKeyboardUtil.m in Sources */,
				48FC16411D5B8D8A002C8DA5 /* ZYThumbnailTableViewController.swift in Sources */,
				48FC16421D5B8D8A002C8DA5 /* BlurUtil.m in Sources */,
				48FC164B1D5B8D8A002C8DA5 /* ViewController.swift in Sources */,
				48FC16441D5B8D8A002C8DA5 /* BottomView.swift in Sources */,
			);
			runOnlyForDeploymentPostprocessing = 0;
		};
/* End PBXSourcesBuildPhase section */

/* Begin PBXVariantGroup section */
		48FC16261D5B8D8A002C8DA5 /* LaunchScreen.storyboard */ = {
			isa = PBXVariantGroup;
			children = (
				48FC16271D5B8D8A002C8DA5 /* Base */,
			);
			name = LaunchScreen.storyboard;
			sourceTree = "<group>";
		};
		48FC16281D5B8D8A002C8DA5 /* Main.storyboard */ = {
			isa = PBXVariantGroup;
			children = (
				48FC16291D5B8D8A002C8DA5 /* Base */,
			);
			name = Main.storyboard;
			sourceTree = "<group>";
		};
/* End PBXVariantGroup section */

/* Begin XCBuildConfiguration section */
		48FE17EE1C68CB8D008857BE /* Debug */ = {
			isa = XCBuildConfiguration;
			buildSettings = {
				ALWAYS_SEARCH_USER_PATHS = NO;
				CLANG_CXX_LANGUAGE_STANDARD = "gnu++0x";
				CLANG_CXX_LIBRARY = "libc++";
				CLANG_ENABLE_MODULES = YES;
				CLANG_ENABLE_OBJC_ARC = YES;
				CLANG_WARN_BOOL_CONVERSION = YES;
				CLANG_WARN_CONSTANT_CONVERSION = YES;
				CLANG_WARN_DIRECT_OBJC_ISA_USAGE = YES_ERROR;
				CLANG_WARN_EMPTY_BODY = YES;
				CLANG_WARN_ENUM_CONVERSION = YES;
				CLANG_WARN_INT_CONVERSION = YES;
				CLANG_WARN_OBJC_ROOT_CLASS = YES_ERROR;
				CLANG_WARN_UNREACHABLE_CODE = YES;
				CLANG_WARN__DUPLICATE_METHOD_MATCH = YES;
				"CODE_SIGN_IDENTITY[sdk=iphoneos*]" = "iPhone Developer";
				COPY_PHASE_STRIP = NO;
				DEBUG_INFORMATION_FORMAT = dwarf;
				ENABLE_STRICT_OBJC_MSGSEND = YES;
				ENABLE_TESTABILITY = YES;
				GCC_C_LANGUAGE_STANDARD = gnu99;
				GCC_DYNAMIC_NO_PIC = NO;
				GCC_NO_COMMON_BLOCKS = YES;
				GCC_OPTIMIZATION_LEVEL = 0;
				GCC_PREPROCESSOR_DEFINITIONS = (
					"DEBUG=1",
					"$(inherited)",
				);
				GCC_WARN_64_TO_32_BIT_CONVERSION = YES;
				GCC_WARN_ABOUT_RETURN_TYPE = YES_ERROR;
				GCC_WARN_UNDECLARED_SELECTOR = YES;
				GCC_WARN_UNINITIALIZED_AUTOS = YES_AGGRESSIVE;
				GCC_WARN_UNUSED_FUNCTION = YES;
				GCC_WARN_UNUSED_VARIABLE = YES;
				IPHONEOS_DEPLOYMENT_TARGET = 9.2;
				MTL_ENABLE_DEBUG_INFO = YES;
				ONLY_ACTIVE_ARCH = YES;
				SDKROOT = iphoneos;
				SWIFT_OPTIMIZATION_LEVEL = "-Onone";
			};
			name = Debug;
		};
		48FE17EF1C68CB8D008857BE /* Release */ = {
			isa = XCBuildConfiguration;
			buildSettings = {
				ALWAYS_SEARCH_USER_PATHS = NO;
				CLANG_CXX_LANGUAGE_STANDARD = "gnu++0x";
				CLANG_CXX_LIBRARY = "libc++";
				CLANG_ENABLE_MODULES = YES;
				CLANG_ENABLE_OBJC_ARC = YES;
				CLANG_WARN_BOOL_CONVERSION = YES;
				CLANG_WARN_CONSTANT_CONVERSION = YES;
				CLANG_WARN_DIRECT_OBJC_ISA_USAGE = YES_ERROR;
				CLANG_WARN_EMPTY_BODY = YES;
				CLANG_WARN_ENUM_CONVERSION = YES;
				CLANG_WARN_INT_CONVERSION = YES;
				CLANG_WARN_OBJC_ROOT_CLASS = YES_ERROR;
				CLANG_WARN_UNREACHABLE_CODE = YES;
				CLANG_WARN__DUPLICATE_METHOD_MATCH = YES;
				"CODE_SIGN_IDENTITY[sdk=iphoneos*]" = "iPhone Developer";
				COPY_PHASE_STRIP = NO;
				DEBUG_INFORMATION_FORMAT = "dwarf-with-dsym";
				ENABLE_NS_ASSERTIONS = NO;
				ENABLE_STRICT_OBJC_MSGSEND = YES;
				GCC_C_LANGUAGE_STANDARD = gnu99;
				GCC_NO_COMMON_BLOCKS = YES;
				GCC_WARN_64_TO_32_BIT_CONVERSION = YES;
				GCC_WARN_ABOUT_RETURN_TYPE = YES_ERROR;
				GCC_WARN_UNDECLARED_SELECTOR = YES;
				GCC_WARN_UNINITIALIZED_AUTOS = YES_AGGRESSIVE;
				GCC_WARN_UNUSED_FUNCTION = YES;
				GCC_WARN_UNUSED_VARIABLE = YES;
				IPHONEOS_DEPLOYMENT_TARGET = 9.2;
				MTL_ENABLE_DEBUG_INFO = NO;
				SDKROOT = iphoneos;
				VALIDATE_PRODUCT = YES;
			};
			name = Release;
		};
		48FE17F11C68CB8D008857BE /* Debug */ = {
			isa = XCBuildConfiguration;
			buildSettings = {
				ASSETCATALOG_COMPILER_APPICON_NAME = AppIcon;
				CLANG_ENABLE_MODULES = YES;
				DEVELOPMENT_TEAM = 82KQAUTE69;
				INFOPLIST_FILE = ZYThumbnailTableViewSource/Info.plist;
				IPHONEOS_DEPLOYMENT_TARGET = 8.0;
				LD_RUNPATH_SEARCH_PATHS = "$(inherited) @executable_path/Frameworks";
				PRODUCT_BUNDLE_IDENTIFIER = com.lzy.ZYThumbnailTableView;
				PRODUCT_NAME = "$(TARGET_NAME)";
				SWIFT_OBJC_BRIDGING_HEADER = "ZYThumbnailTableViewSource/Classes/ZYThumbnailTableView-Bridging-Header.h";
				SWIFT_OPTIMIZATION_LEVEL = "-Onone";
				SWIFT_VERSION = 3.0;
			};
			name = Debug;
		};
		48FE17F21C68CB8D008857BE /* Release */ = {
			isa = XCBuildConfiguration;
			buildSettings = {
				ASSETCATALOG_COMPILER_APPICON_NAME = AppIcon;
				CLANG_ENABLE_MODULES = YES;
				DEVELOPMENT_TEAM = 82KQAUTE69;
				INFOPLIST_FILE = ZYThumbnailTableViewSource/Info.plist;
				IPHONEOS_DEPLOYMENT_TARGET = 8.0;
				LD_RUNPATH_SEARCH_PATHS = "$(inherited) @executable_path/Frameworks";
				PRODUCT_BUNDLE_IDENTIFIER = com.lzy.ZYThumbnailTableView;
				PRODUCT_NAME = "$(TARGET_NAME)";
				SWIFT_OBJC_BRIDGING_HEADER = "ZYThumbnailTableViewSource/Classes/ZYThumbnailTableView-Bridging-Header.h";
				SWIFT_VERSION = 3.0;
			};
			name = Release;
		};
/* End XCBuildConfiguration section */

/* Begin XCConfigurationList section */
		48FE17D91C68CB8D008857BE /* Build configuration list for PBXProject "ZYThumbnailTableView" */ = {
			isa = XCConfigurationList;
			buildConfigurations = (
				48FE17EE1C68CB8D008857BE /* Debug */,
				48FE17EF1C68CB8D008857BE /* Release */,
			);
			defaultConfigurationIsVisible = 0;
			defaultConfigurationName = Release;
		};
		48FE17F01C68CB8D008857BE /* Build configuration list for PBXNativeTarget "ZYThumbnailTableView" */ = {
			isa = XCConfigurationList;
			buildConfigurations = (
				48FE17F11C68CB8D008857BE /* Debug */,
				48FE17F21C68CB8D008857BE /* Release */,
			);
			defaultConfigurationIsVisible = 0;
			defaultConfigurationName = Release;
		};
/* End XCConfigurationList section */
	};
	rootObject = 48FE17D61C68CB8D008857BE /* Project object */;
}
